
Microsoft Visual Studio Solution File, Format Version 12.00
# Visual Studio Version 17
VisualStudioVersion = 17.14.36429.23 d17.14
MinimumVisualStudioVersion = 10.0.40219.1
Project("{FAE04EC0-301F-11D3-BF4B-00C04F79EFBC}") = "praktik 3.10", "praktik 3.10\praktik 3.10.csproj", "{C39442B3-9B26-429E-8AF3-76A8D2F4B457}"
EndProject
Global
	GlobalSection(SolutionConfigurationPlatforms) = preSolution
		Debug|Any CPU = Debug|Any CPU
		Release|Any CPU = Release|Any CPU
	EndGlobalSection
	GlobalSection(ProjectConfigurationPlatforms) = postSolution
		{C39442B3-9B26-429E-8AF3-76A8D2F4B457}.Debug|Any CPU.ActiveCfg = Debug|Any CPU
		{C39442B3-9B26-429E-8AF3-76A8D2F4B457}.Debug|Any CPU.Build.0 = Debug|Any CPU
		{C39442B3-9B26-429E-8AF3-76A8D2F4B457}.Release|Any CPU.ActiveCfg = Release|Any CPU
		{C39442B3-9B26-429E-8AF3-76A8D2F4B457}.Release|Any CPU.Build.0 = Release|Any CPU
	EndGlobalSection
	GlobalSection(SolutionProperties) = preSolution
		HideSolutionNode = FALSE
	EndGlobalSection
	GlobalSection(ExtensibilityGlobals) = postSolution
		SolutionGuid = {363EBDDF-356A-4661-A129-49F59A2E1A5E}
	EndGlobalSection
EndGlobal
