
Microsoft Visual Studio Solution File, Format Version 12.00
# Visual Studio Version 17
VisualStudioVersion = 17.14.36518.9 d17.14
MinimumVisualStudioVersion = 10.0.40219.1
Project("{FAE04EC0-301F-11D3-BF4B-00C04F79EFBC}") = "praktik 5.4", "praktik 5.4\praktik 5.4.csproj", "{18055D67-53BE-4A2D-BC31-8C5818772831}"
EndProject
Global
	GlobalSection(SolutionConfigurationPlatforms) = preSolution
		Debug|Any CPU = Debug|Any CPU
		Release|Any CPU = Release|Any CPU
	EndGlobalSection
	GlobalSection(ProjectConfigurationPlatforms) = postSolution
		{18055D67-53BE-4A2D-BC31-8C5818772831}.Debug|Any CPU.ActiveCfg = Debug|Any CPU
		{18055D67-53BE-4A2D-BC31-8C5818772831}.Debug|Any CPU.Build.0 = Debug|Any CPU
		{18055D67-53BE-4A2D-BC31-8C5818772831}.Release|Any CPU.ActiveCfg = Release|Any CPU
		{18055D67-53BE-4A2D-BC31-8C5818772831}.Release|Any CPU.Build.0 = Release|Any CPU
	EndGlobalSection
	GlobalSection(SolutionProperties) = preSolution
		HideSolutionNode = FALSE
	EndGlobalSection
	GlobalSection(ExtensibilityGlobals) = postSolution
		SolutionGuid = {DADE4FEF-C6EA-46D4-9D06-2A2C17F63F84}
	EndGlobalSection
EndGlobal
