
Microsoft Visual Studio Solution File, Format Version 12.00
# Visual Studio Version 17
VisualStudioVersion = 17.14.36518.9 d17.14
MinimumVisualStudioVersion = 10.0.40219.1
Project("{FAE04EC0-301F-11D3-BF4B-00C04F79EFBC}") = "praktik 3.5", "praktik 3.5\praktik 3.5.csproj", "{CA8AF73B-717B-4A2A-8AED-7E91F7F1FB95}"
EndProject
Global
	GlobalSection(SolutionConfigurationPlatforms) = preSolution
		Debug|Any CPU = Debug|Any CPU
		Release|Any CPU = Release|Any CPU
	EndGlobalSection
	GlobalSection(ProjectConfigurationPlatforms) = postSolution
		{CA8AF73B-717B-4A2A-8AED-7E91F7F1FB95}.Debug|Any CPU.ActiveCfg = Debug|Any CPU
		{CA8AF73B-717B-4A2A-8AED-7E91F7F1FB95}.Debug|Any CPU.Build.0 = Debug|Any CPU
		{CA8AF73B-717B-4A2A-8AED-7E91F7F1FB95}.Release|Any CPU.ActiveCfg = Release|Any CPU
		{CA8AF73B-717B-4A2A-8AED-7E91F7F1FB95}.Release|Any CPU.Build.0 = Release|Any CPU
	EndGlobalSection
	GlobalSection(SolutionProperties) = preSolution
		HideSolutionNode = FALSE
	EndGlobalSection
	GlobalSection(ExtensibilityGlobals) = postSolution
		SolutionGuid = {1FAECE67-C78D-474C-AF85-AE9446A821D6}
	EndGlobalSection
EndGlobal
