
Microsoft Visual Studio Solution File, Format Version 12.00
# Visual Studio Version 17
VisualStudioVersion = 17.14.36429.23 d17.14
MinimumVisualStudioVersion = 10.0.40219.1
Project("{FAE04EC0-301F-11D3-BF4B-00C04F79EFBC}") = "Tugas 2-if-else", "Tugas 2-if-else\Tugas 2-if-else.csproj", "{EB84488E-D175-4E16-9F47-0475B9E70FAE}"
EndProject
Global
	GlobalSection(SolutionConfigurationPlatforms) = preSolution
		Debug|Any CPU = Debug|Any CPU
		Release|Any CPU = Release|Any CPU
	EndGlobalSection
	GlobalSection(ProjectConfigurationPlatforms) = postSolution
		{EB84488E-D175-4E16-9F47-0475B9E70FAE}.Debug|Any CPU.ActiveCfg = Debug|Any CPU
		{EB84488E-D175-4E16-9F47-0475B9E70FAE}.Debug|Any CPU.Build.0 = Debug|Any CPU
		{EB84488E-D175-4E16-9F47-0475B9E70FAE}.Release|Any CPU.ActiveCfg = Release|Any CPU
		{EB84488E-D175-4E16-9F47-0475B9E70FAE}.Release|Any CPU.Build.0 = Release|Any CPU
	EndGlobalSection
	GlobalSection(SolutionProperties) = preSolution
		HideSolutionNode = FALSE
	EndGlobalSection
	GlobalSection(ExtensibilityGlobals) = postSolution
		SolutionGuid = {0F0CC1D8-5FB0-4A66-AF27-D6B250991FA5}
	EndGlobalSection
EndGlobal
