
Microsoft Visual Studio Solution File, Format Version 12.00
# Visual Studio Version 17
VisualStudioVersion = 17.14.36429.23 d17.14
MinimumVisualStudioVersion = 10.0.40219.1
Project("{FAE04EC0-301F-11D3-BF4B-00C04F79EFBC}") = "tugas1-if", "tugas1-if\tugas1-if.csproj", "{09AF3038-2105-4FDC-917B-6A7C538314ED}"
EndProject
Global
	GlobalSection(SolutionConfigurationPlatforms) = preSolution
		Debug|Any CPU = Debug|Any CPU
		Release|Any CPU = Release|Any CPU
	EndGlobalSection
	GlobalSection(ProjectConfigurationPlatforms) = postSolution
		{09AF3038-2105-4FDC-917B-6A7C538314ED}.Debug|Any CPU.ActiveCfg = Debug|Any CPU
		{09AF3038-2105-4FDC-917B-6A7C538314ED}.Debug|Any CPU.Build.0 = Debug|Any CPU
		{09AF3038-2105-4FDC-917B-6A7C538314ED}.Release|Any CPU.ActiveCfg = Release|Any CPU
		{09AF3038-2105-4FDC-917B-6A7C538314ED}.Release|Any CPU.Build.0 = Release|Any CPU
	EndGlobalSection
	GlobalSection(SolutionProperties) = preSolution
		HideSolutionNode = FALSE
	EndGlobalSection
	GlobalSection(ExtensibilityGlobals) = postSolution
		SolutionGuid = {25636271-3E88-47EB-BA15-8BB604317A17}
	EndGlobalSection
EndGlobal
