
Microsoft Visual Studio Solution File, Format Version 12.00
# Visual Studio Version 17
VisualStudioVersion = 17.14.36429.23 d17.14
MinimumVisualStudioVersion = 10.0.40219.1
Project("{FAE04EC0-301F-11D3-BF4B-00C04F79EFBC}") = "praktik 4.11", "praktik 4.11\praktik 4.11.csproj", "{2E5BFE47-EB52-4ECF-A218-69AC8AD3631D}"
EndProject
Global
	GlobalSection(SolutionConfigurationPlatforms) = preSolution
		Debug|Any CPU = Debug|Any CPU
		Release|Any CPU = Release|Any CPU
	EndGlobalSection
	GlobalSection(ProjectConfigurationPlatforms) = postSolution
		{2E5BFE47-EB52-4ECF-A218-69AC8AD3631D}.Debug|Any CPU.ActiveCfg = Debug|Any CPU
		{2E5BFE47-EB52-4ECF-A218-69AC8AD3631D}.Debug|Any CPU.Build.0 = Debug|Any CPU
		{2E5BFE47-EB52-4ECF-A218-69AC8AD3631D}.Release|Any CPU.ActiveCfg = Release|Any CPU
		{2E5BFE47-EB52-4ECF-A218-69AC8AD3631D}.Release|Any CPU.Build.0 = Release|Any CPU
	EndGlobalSection
	GlobalSection(SolutionProperties) = preSolution
		HideSolutionNode = FALSE
	EndGlobalSection
	GlobalSection(ExtensibilityGlobals) = postSolution
		SolutionGuid = {0D4DC0D4-F8EF-4642-AF56-2CA2C2BE788C}
	EndGlobalSection
EndGlobal
