
Microsoft Visual Studio Solution File, Format Version 12.00
# Visual Studio Version 17
VisualStudioVersion = 17.14.36429.23 d17.14
MinimumVisualStudioVersion = 10.0.40219.1
Project("{FAE04EC0-301F-11D3-BF4B-00C04F79EFBC}") = "praktik3", "praktik3\praktik3.csproj", "{11747CE6-010E-4C5F-B526-79EA43B4D3DC}"
EndProject
Global
	GlobalSection(SolutionConfigurationPlatforms) = preSolution
		Debug|Any CPU = Debug|Any CPU
		Release|Any CPU = Release|Any CPU
	EndGlobalSection
	GlobalSection(ProjectConfigurationPlatforms) = postSolution
		{11747CE6-010E-4C5F-B526-79EA43B4D3DC}.Debug|Any CPU.ActiveCfg = Debug|Any CPU
		{11747CE6-010E-4C5F-B526-79EA43B4D3DC}.Debug|Any CPU.Build.0 = Debug|Any CPU
		{11747CE6-010E-4C5F-B526-79EA43B4D3DC}.Release|Any CPU.ActiveCfg = Release|Any CPU
		{11747CE6-010E-4C5F-B526-79EA43B4D3DC}.Release|Any CPU.Build.0 = Release|Any CPU
	EndGlobalSection
	GlobalSection(SolutionProperties) = preSolution
		HideSolutionNode = FALSE
	EndGlobalSection
	GlobalSection(ExtensibilityGlobals) = postSolution
		SolutionGuid = {88FE0154-912D-4FE4-94CB-3E934913BFBC}
	EndGlobalSection
EndGlobal
