
Microsoft Visual Studio Solution File, Format Version 12.00
# Visual Studio Version 17
VisualStudioVersion = 17.14.36518.9 d17.14
MinimumVisualStudioVersion = 10.0.40219.1
Project("{FAE04EC0-301F-11D3-BF4B-00C04F79EFBC}") = "praktik 4.3", "praktik 4.3\praktik 4.3.csproj", "{FCC3F87C-EC03-46F6-809E-B0E391EFAA77}"
EndProject
Global
	GlobalSection(SolutionConfigurationPlatforms) = preSolution
		Debug|Any CPU = Debug|Any CPU
		Release|Any CPU = Release|Any CPU
	EndGlobalSection
	GlobalSection(ProjectConfigurationPlatforms) = postSolution
		{FCC3F87C-EC03-46F6-809E-B0E391EFAA77}.Debug|Any CPU.ActiveCfg = Debug|Any CPU
		{FCC3F87C-EC03-46F6-809E-B0E391EFAA77}.Debug|Any CPU.Build.0 = Debug|Any CPU
		{FCC3F87C-EC03-46F6-809E-B0E391EFAA77}.Release|Any CPU.ActiveCfg = Release|Any CPU
		{FCC3F87C-EC03-46F6-809E-B0E391EFAA77}.Release|Any CPU.Build.0 = Release|Any CPU
	EndGlobalSection
	GlobalSection(SolutionProperties) = preSolution
		HideSolutionNode = FALSE
	EndGlobalSection
	GlobalSection(ExtensibilityGlobals) = postSolution
		SolutionGuid = {EF6C3FE2-0C85-4663-B9D3-94103B51AF39}
	EndGlobalSection
EndGlobal
