
Microsoft Visual Studio Solution File, Format Version 12.00
# Visual Studio Version 17
VisualStudioVersion = 17.14.36518.9 d17.14
MinimumVisualStudioVersion = 10.0.40219.1
Project("{FAE04EC0-301F-11D3-BF4B-00C04F79EFBC}") = "praktik 3.3", "praktik 3.3\praktik 3.3.csproj", "{0A5BC662-5835-4809-8B28-C8B66D9DFE5F}"
EndProject
Global
	GlobalSection(SolutionConfigurationPlatforms) = preSolution
		Debug|Any CPU = Debug|Any CPU
		Release|Any CPU = Release|Any CPU
	EndGlobalSection
	GlobalSection(ProjectConfigurationPlatforms) = postSolution
		{0A5BC662-5835-4809-8B28-C8B66D9DFE5F}.Debug|Any CPU.ActiveCfg = Debug|Any CPU
		{0A5BC662-5835-4809-8B28-C8B66D9DFE5F}.Debug|Any CPU.Build.0 = Debug|Any CPU
		{0A5BC662-5835-4809-8B28-C8B66D9DFE5F}.Release|Any CPU.ActiveCfg = Release|Any CPU
		{0A5BC662-5835-4809-8B28-C8B66D9DFE5F}.Release|Any CPU.Build.0 = Release|Any CPU
	EndGlobalSection
	GlobalSection(SolutionProperties) = preSolution
		HideSolutionNode = FALSE
	EndGlobalSection
	GlobalSection(ExtensibilityGlobals) = postSolution
		SolutionGuid = {9BA2D43A-B141-46C3-86A0-D15A3C39E362}
	EndGlobalSection
EndGlobal
