
Microsoft Visual Studio Solution File, Format Version 12.00
# Visual Studio Version 17
VisualStudioVersion = 17.14.36518.9 d17.14
MinimumVisualStudioVersion = 10.0.40219.1
Project("{FAE04EC0-301F-11D3-BF4B-00C04F79EFBC}") = "array 1", "array 1\array 1.csproj", "{7B18A4E4-5E54-4C58-80EE-3478FCDE9495}"
EndProject
Global
	GlobalSection(SolutionConfigurationPlatforms) = preSolution
		Debug|Any CPU = Debug|Any CPU
		Release|Any CPU = Release|Any CPU
	EndGlobalSection
	GlobalSection(ProjectConfigurationPlatforms) = postSolution
		{7B18A4E4-5E54-4C58-80EE-3478FCDE9495}.Debug|Any CPU.ActiveCfg = Debug|Any CPU
		{7B18A4E4-5E54-4C58-80EE-3478FCDE9495}.Debug|Any CPU.Build.0 = Debug|Any CPU
		{7B18A4E4-5E54-4C58-80EE-3478FCDE9495}.Release|Any CPU.ActiveCfg = Release|Any CPU
		{7B18A4E4-5E54-4C58-80EE-3478FCDE9495}.Release|Any CPU.Build.0 = Release|Any CPU
	EndGlobalSection
	GlobalSection(SolutionProperties) = preSolution
		HideSolutionNode = FALSE
	EndGlobalSection
	GlobalSection(ExtensibilityGlobals) = postSolution
		SolutionGuid = {8F20E181-755F-442D-BA0A-D930528C5202}
	EndGlobalSection
EndGlobal
