
Microsoft Visual Studio Solution File, Format Version 12.00
# Visual Studio Version 17
VisualStudioVersion = 17.14.36518.9 d17.14
MinimumVisualStudioVersion = 10.0.40219.1
Project("{FAE04EC0-301F-11D3-BF4B-00C04F79EFBC}") = "praktik 1.4", "praktik 1.4\praktik 1.4.csproj", "{7B974D7A-BFDC-4563-A9C8-3252F83570A5}"
EndProject
Global
	GlobalSection(SolutionConfigurationPlatforms) = preSolution
		Debug|Any CPU = Debug|Any CPU
		Release|Any CPU = Release|Any CPU
	EndGlobalSection
	GlobalSection(ProjectConfigurationPlatforms) = postSolution
		{7B974D7A-BFDC-4563-A9C8-3252F83570A5}.Debug|Any CPU.ActiveCfg = Debug|Any CPU
		{7B974D7A-BFDC-4563-A9C8-3252F83570A5}.Debug|Any CPU.Build.0 = Debug|Any CPU
		{7B974D7A-BFDC-4563-A9C8-3252F83570A5}.Release|Any CPU.ActiveCfg = Release|Any CPU
		{7B974D7A-BFDC-4563-A9C8-3252F83570A5}.Release|Any CPU.Build.0 = Release|Any CPU
	EndGlobalSection
	GlobalSection(SolutionProperties) = preSolution
		HideSolutionNode = FALSE
	EndGlobalSection
	GlobalSection(ExtensibilityGlobals) = postSolution
		SolutionGuid = {2329E969-E83E-4DB7-A9C6-527EACD9E8C3}
	EndGlobalSection
EndGlobal
