
Microsoft Visual Studio Solution File, Format Version 12.00
# Visual Studio Version 17
VisualStudioVersion = 17.14.36518.9 d17.14
MinimumVisualStudioVersion = 10.0.40219.1
Project("{FAE04EC0-301F-11D3-BF4B-00C04F79EFBC}") = "tugas 1 lp dan v", "tugas 1 lp dan v\tugas 1 lp dan v.csproj", "{40029682-0412-4FAA-9488-77D70124D20D}"
EndProject
Global
	GlobalSection(SolutionConfigurationPlatforms) = preSolution
		Debug|Any CPU = Debug|Any CPU
		Release|Any CPU = Release|Any CPU
	EndGlobalSection
	GlobalSection(ProjectConfigurationPlatforms) = postSolution
		{40029682-0412-4FAA-9488-77D70124D20D}.Debug|Any CPU.ActiveCfg = Debug|Any CPU
		{40029682-0412-4FAA-9488-77D70124D20D}.Debug|Any CPU.Build.0 = Debug|Any CPU
		{40029682-0412-4FAA-9488-77D70124D20D}.Release|Any CPU.ActiveCfg = Release|Any CPU
		{40029682-0412-4FAA-9488-77D70124D20D}.Release|Any CPU.Build.0 = Release|Any CPU
	EndGlobalSection
	GlobalSection(SolutionProperties) = preSolution
		HideSolutionNode = FALSE
	EndGlobalSection
	GlobalSection(ExtensibilityGlobals) = postSolution
		SolutionGuid = {BE044C5F-1060-45B5-94CD-B821CFFC62AF}
	EndGlobalSection
EndGlobal
