
Microsoft Visual Studio Solution File, Format Version 12.00
# Visual Studio Version 17
VisualStudioVersion = 17.14.36518.9 d17.14
MinimumVisualStudioVersion = 10.0.40219.1
Project("{FAE04EC0-301F-11D3-BF4B-00C04F79EFBC}") = "praktik 1.1", "praktik 1.1\praktik 1.1.csproj", "{8F7BDE4B-628C-4BD3-A067-3CFB845A7E53}"
EndProject
Global
	GlobalSection(SolutionConfigurationPlatforms) = preSolution
		Debug|Any CPU = Debug|Any CPU
		Release|Any CPU = Release|Any CPU
	EndGlobalSection
	GlobalSection(ProjectConfigurationPlatforms) = postSolution
		{8F7BDE4B-628C-4BD3-A067-3CFB845A7E53}.Debug|Any CPU.ActiveCfg = Debug|Any CPU
		{8F7BDE4B-628C-4BD3-A067-3CFB845A7E53}.Debug|Any CPU.Build.0 = Debug|Any CPU
		{8F7BDE4B-628C-4BD3-A067-3CFB845A7E53}.Release|Any CPU.ActiveCfg = Release|Any CPU
		{8F7BDE4B-628C-4BD3-A067-3CFB845A7E53}.Release|Any CPU.Build.0 = Release|Any CPU
	EndGlobalSection
	GlobalSection(SolutionProperties) = preSolution
		HideSolutionNode = FALSE
	EndGlobalSection
	GlobalSection(ExtensibilityGlobals) = postSolution
		SolutionGuid = {B9FA8F44-03E3-4B8D-982D-B306507561A6}
	EndGlobalSection
EndGlobal
