
Microsoft Visual Studio Solution File, Format Version 12.00
# Visual Studio Version 17
VisualStudioVersion = 17.14.36518.9 d17.14
MinimumVisualStudioVersion = 10.0.40219.1
Project("{FAE04EC0-301F-11D3-BF4B-00C04F79EFBC}") = "praktik 4.2", "praktik 4.2\praktik 4.2.csproj", "{66D2CD1F-7788-4B2C-A7A8-21BE24AB2BB3}"
EndProject
Global
	GlobalSection(SolutionConfigurationPlatforms) = preSolution
		Debug|Any CPU = Debug|Any CPU
		Release|Any CPU = Release|Any CPU
	EndGlobalSection
	GlobalSection(ProjectConfigurationPlatforms) = postSolution
		{66D2CD1F-7788-4B2C-A7A8-21BE24AB2BB3}.Debug|Any CPU.ActiveCfg = Debug|Any CPU
		{66D2CD1F-7788-4B2C-A7A8-21BE24AB2BB3}.Debug|Any CPU.Build.0 = Debug|Any CPU
		{66D2CD1F-7788-4B2C-A7A8-21BE24AB2BB3}.Release|Any CPU.ActiveCfg = Release|Any CPU
		{66D2CD1F-7788-4B2C-A7A8-21BE24AB2BB3}.Release|Any CPU.Build.0 = Release|Any CPU
	EndGlobalSection
	GlobalSection(SolutionProperties) = preSolution
		HideSolutionNode = FALSE
	EndGlobalSection
	GlobalSection(ExtensibilityGlobals) = postSolution
		SolutionGuid = {54F4D568-110A-43AD-B95C-985EFB4C2C98}
	EndGlobalSection
EndGlobal
