
Microsoft Visual Studio Solution File, Format Version 12.00
# Visual Studio Version 17
VisualStudioVersion = 17.14.36518.9 d17.14
MinimumVisualStudioVersion = 10.0.40219.1
Project("{FAE04EC0-301F-11D3-BF4B-00C04F79EFBC}") = "praktik 7.2", "praktik 7.2\praktik 7.2.csproj", "{8DCBDFB3-DE01-4986-8DFB-1555FD5DE93D}"
EndProject
Global
	GlobalSection(SolutionConfigurationPlatforms) = preSolution
		Debug|Any CPU = Debug|Any CPU
		Release|Any CPU = Release|Any CPU
	EndGlobalSection
	GlobalSection(ProjectConfigurationPlatforms) = postSolution
		{8DCBDFB3-DE01-4986-8DFB-1555FD5DE93D}.Debug|Any CPU.ActiveCfg = Debug|Any CPU
		{8DCBDFB3-DE01-4986-8DFB-1555FD5DE93D}.Debug|Any CPU.Build.0 = Debug|Any CPU
		{8DCBDFB3-DE01-4986-8DFB-1555FD5DE93D}.Release|Any CPU.ActiveCfg = Release|Any CPU
		{8DCBDFB3-DE01-4986-8DFB-1555FD5DE93D}.Release|Any CPU.Build.0 = Release|Any CPU
	EndGlobalSection
	GlobalSection(SolutionProperties) = preSolution
		HideSolutionNode = FALSE
	EndGlobalSection
	GlobalSection(ExtensibilityGlobals) = postSolution
		SolutionGuid = {18CCE169-62D4-4AE6-A71A-7480AEF8E305}
	EndGlobalSection
EndGlobal
