
Microsoft Visual Studio Solution File, Format Version 12.00
# Visual Studio Version 17
VisualStudioVersion = 17.14.36429.23 d17.14
MinimumVisualStudioVersion = 10.0.40219.1
Project("{FAE04EC0-301F-11D3-BF4B-00C04F79EFBC}") = "tugas 4 if", "tugas 4 if\tugas 4 if.csproj", "{8D0B1720-60BF-4787-BDF7-6A5033439B0E}"
EndProject
Global
	GlobalSection(SolutionConfigurationPlatforms) = preSolution
		Debug|Any CPU = Debug|Any CPU
		Release|Any CPU = Release|Any CPU
	EndGlobalSection
	GlobalSection(ProjectConfigurationPlatforms) = postSolution
		{8D0B1720-60BF-4787-BDF7-6A5033439B0E}.Debug|Any CPU.ActiveCfg = Debug|Any CPU
		{8D0B1720-60BF-4787-BDF7-6A5033439B0E}.Debug|Any CPU.Build.0 = Debug|Any CPU
		{8D0B1720-60BF-4787-BDF7-6A5033439B0E}.Release|Any CPU.ActiveCfg = Release|Any CPU
		{8D0B1720-60BF-4787-BDF7-6A5033439B0E}.Release|Any CPU.Build.0 = Release|Any CPU
	EndGlobalSection
	GlobalSection(SolutionProperties) = preSolution
		HideSolutionNode = FALSE
	EndGlobalSection
	GlobalSection(ExtensibilityGlobals) = postSolution
		SolutionGuid = {B193CB31-DD92-427A-A9C9-19BD2BECFD04}
	EndGlobalSection
EndGlobal
