
Microsoft Visual Studio Solution File, Format Version 12.00
# Visual Studio Version 17
VisualStudioVersion = 17.14.36429.23 d17.14
MinimumVisualStudioVersion = 10.0.40219.1
Project("{FAE04EC0-301F-11D3-BF4B-00C04F79EFBC}") = "praktik 2.3", "praktik 2.3\praktik 2.3.csproj", "{5094B698-3FF5-4060-A055-BF44F8E1B92B}"
EndProject
Global
	GlobalSection(SolutionConfigurationPlatforms) = preSolution
		Debug|Any CPU = Debug|Any CPU
		Release|Any CPU = Release|Any CPU
	EndGlobalSection
	GlobalSection(ProjectConfigurationPlatforms) = postSolution
		{5094B698-3FF5-4060-A055-BF44F8E1B92B}.Debug|Any CPU.ActiveCfg = Debug|Any CPU
		{5094B698-3FF5-4060-A055-BF44F8E1B92B}.Debug|Any CPU.Build.0 = Debug|Any CPU
		{5094B698-3FF5-4060-A055-BF44F8E1B92B}.Release|Any CPU.ActiveCfg = Release|Any CPU
		{5094B698-3FF5-4060-A055-BF44F8E1B92B}.Release|Any CPU.Build.0 = Release|Any CPU
	EndGlobalSection
	GlobalSection(SolutionProperties) = preSolution
		HideSolutionNode = FALSE
	EndGlobalSection
	GlobalSection(ExtensibilityGlobals) = postSolution
		SolutionGuid = {3442C14D-A821-4626-B1C6-0A50C4E8E6CF}
	EndGlobalSection
EndGlobal
